{
  "version": 4,
  "terraform_version": "0.12.25",
  "serial": 81,
  "lineage": "3a56f778-31b6-ed0d-f533-5e89cfd3b1c8",
  "outputs": {
    "instance_private_ip": {
      "value": "10.0.30.32",
      "type": "string"
    },
    "instance_public_dns": {
      "value": "ec2-54-255-153-186.ap-southeast-1.compute.amazonaws.com",
      "type": "string"
    }
  },
  "resources": [
    {
      "mode": "data",
      "type": "aws_ssm_parameter",
      "name": "private_sg",
      "provider": "provider.aws",
      "instances": [
        {
          "schema_version": 0,
          "attributes": {
            "arn": "arn:aws:ssm:ap-southeast-1:864419182307:parameter/istox/vpc/subnet/private/sg",
            "id": "/istox/vpc/subnet/private/sg",
            "name": "/istox/vpc/subnet/private/sg",
            "type": "String",
            "value": "sg-03340dd0264885970",
            "version": 1,
            "with_decryption": true
          }
        }
      ]
    },
    {
      "mode": "data",
      "type": "aws_ssm_parameter",
      "name": "private_subnet",
      "provider": "provider.aws",
      "instances": [
        {
          "schema_version": 0,
          "attributes": {
            "arn": "arn:aws:ssm:ap-southeast-1:864419182307:parameter/istox/private_subnet/0",
            "id": "/istox/private_subnet/0",
            "name": "/istox/private_subnet/0",
            "type": "String",
            "value": "subnet-093c76e2577fdd1e3",
            "version": 1,
            "with_decryption": true
          }
        }
      ]
    },
    {
      "mode": "data",
      "type": "aws_ssm_parameter",
      "name": "public_sg",
      "provider": "provider.aws",
      "instances": [
        {
          "schema_version": 0,
          "attributes": {
            "arn": "arn:aws:ssm:ap-southeast-1:864419182307:parameter/istox/vpc/subnet/public/sg",
            "id": "/istox/vpc/subnet/public/sg",
            "name": "/istox/vpc/subnet/public/sg",
            "type": "String",
            "value": "sg-092c2e0d28ba39017",
            "version": 1,
            "with_decryption": true
          }
        }
      ]
    },
    {
      "mode": "data",
      "type": "aws_ssm_parameter",
      "name": "public_subnet",
      "provider": "provider.aws",
      "instances": [
        {
          "schema_version": 0,
          "attributes": {
            "arn": "arn:aws:ssm:ap-southeast-1:864419182307:parameter/istox/public_subnet/1",
            "id": "/istox/public_subnet/1",
            "name": "/istox/public_subnet/1",
            "type": "String",
            "value": "subnet-022830a78c368afeb",
            "version": 1,
            "with_decryption": true
          }
        }
      ]
    },
    {
      "module": "module.ec2_private",
      "mode": "managed",
      "type": "aws_instance",
      "name": "this",
      "provider": "provider.aws",
      "instances": [
        {
          "schema_version": 1,
          "attributes": {
            "ami": "ami-07ce5f60a39f1790e",
            "arn": "arn:aws:ec2:ap-southeast-1:864419182307:instance/i-0690661be8089c595",
            "associate_public_ip_address": false,
            "availability_zone": "ap-southeast-1a",
            "cpu_core_count": 1,
            "cpu_threads_per_core": 1,
            "credit_specification": [
              {
                "cpu_credits": "standard"
              }
            ],
            "disable_api_termination": false,
            "ebs_block_device": [],
            "ebs_optimized": false,
            "ephemeral_block_device": [],
            "get_password_data": false,
            "hibernation": false,
            "host_id": null,
            "iam_instance_profile": "",
            "id": "i-0690661be8089c595",
            "instance_initiated_shutdown_behavior": null,
            "instance_state": "running",
            "instance_type": "t2.micro",
            "ipv6_address_count": 0,
            "ipv6_addresses": [],
            "key_name": "training_fajri",
            "metadata_options": [
              {
                "http_endpoint": "enabled",
                "http_put_response_hop_limit": 1,
                "http_tokens": "optional"
              }
            ],
            "monitoring": false,
            "network_interface": [],
            "network_interface_id": null,
            "outpost_arn": "",
            "password_data": "",
            "placement_group": "",
            "primary_network_interface_id": "eni-0f96d43853631bfad",
            "private_dns": "ip-10-0-30-32.ap-southeast-1.compute.internal",
            "private_ip": "10.0.30.32",
            "public_dns": "",
            "public_ip": "",
            "root_block_device": [
              {
                "delete_on_termination": true,
                "device_name": "/dev/sda1",
                "encrypted": false,
                "iops": 100,
                "kms_key_id": "",
                "volume_id": "vol-0820fd05a560819ec",
                "volume_size": 8,
                "volume_type": "gp2"
              }
            ],
            "security_groups": [
              "sg-03340dd0264885970"
            ],
            "source_dest_check": true,
            "subnet_id": "subnet-093c76e2577fdd1e3",
            "tags": {
              "Description": "Managed by terraform",
              "Environment": "test",
              "Name": "private-subnet-1a"
            },
            "tenancy": "default",
            "timeouts": null,
            "user_data": "2441ed80a079f6ef7392cc020ad6a41f195b4d42",
            "user_data_base64": null,
            "volume_tags": {},
            "vpc_security_group_ids": [
              "sg-03340dd0264885970"
            ]
          },
          "private": "eyJlMmJmYjczMC1lY2FhLTExZTYtOGY4OC0zNDM2M2JjN2M0YzAiOnsiY3JlYXRlIjo2MDAwMDAwMDAwMDAsImRlbGV0ZSI6MTIwMDAwMDAwMDAwMCwidXBkYXRlIjo2MDAwMDAwMDAwMDB9LCJzY2hlbWFfdmVyc2lvbiI6IjEifQ=="
        }
      ]
    },
    {
      "module": "module.ec2_public",
      "mode": "managed",
      "type": "aws_instance",
      "name": "this",
      "provider": "provider.aws",
      "instances": [
        {
          "schema_version": 1,
          "attributes": {
            "ami": "ami-07ce5f60a39f1790e",
            "arn": "arn:aws:ec2:ap-southeast-1:864419182307:instance/i-01ff478b4f44f6bef",
            "associate_public_ip_address": true,
            "availability_zone": "ap-southeast-1b",
            "cpu_core_count": 1,
            "cpu_threads_per_core": 1,
            "credit_specification": [
              {
                "cpu_credits": "standard"
              }
            ],
            "disable_api_termination": false,
            "ebs_block_device": [],
            "ebs_optimized": false,
            "ephemeral_block_device": [],
            "get_password_data": false,
            "hibernation": false,
            "host_id": null,
            "iam_instance_profile": "",
            "id": "i-01ff478b4f44f6bef",
            "instance_initiated_shutdown_behavior": null,
            "instance_state": "running",
            "instance_type": "t2.micro",
            "ipv6_address_count": 0,
            "ipv6_addresses": [],
            "key_name": "training_fajri",
            "metadata_options": [
              {
                "http_endpoint": "enabled",
                "http_put_response_hop_limit": 1,
                "http_tokens": "optional"
              }
            ],
            "monitoring": false,
            "network_interface": [],
            "network_interface_id": null,
            "outpost_arn": "",
            "password_data": "",
            "placement_group": "",
            "primary_network_interface_id": "eni-0001c1578d6956d32",
            "private_dns": "ip-10-0-99-212.ap-southeast-1.compute.internal",
            "private_ip": "10.0.99.212",
            "public_dns": "ec2-54-255-153-186.ap-southeast-1.compute.amazonaws.com",
            "public_ip": "54.255.153.186",
            "root_block_device": [
              {
                "delete_on_termination": true,
                "device_name": "/dev/sda1",
                "encrypted": false,
                "iops": 100,
                "kms_key_id": "",
                "volume_id": "vol-0929fc64239a009c3",
                "volume_size": 8,
                "volume_type": "gp2"
              }
            ],
            "security_groups": [
              "sg-092c2e0d28ba39017"
            ],
            "source_dest_check": true,
            "subnet_id": "subnet-022830a78c368afeb",
            "tags": {
              "Description": "Managed by terraform",
              "Environment": "test",
              "Name": "public-subnet-1b"
            },
            "tenancy": "default",
            "timeouts": null,
            "user_data": "07b7e6e48b7dc76ec15a7b3eca742fe01c0ea071",
            "user_data_base64": null,
            "volume_tags": {},
            "vpc_security_group_ids": [
              "sg-092c2e0d28ba39017"
            ]
          },
          "private": "eyJlMmJmYjczMC1lY2FhLTExZTYtOGY4OC0zNDM2M2JjN2M0YzAiOnsiY3JlYXRlIjo2MDAwMDAwMDAwMDAsImRlbGV0ZSI6MTIwMDAwMDAwMDAwMCwidXBkYXRlIjo2MDAwMDAwMDAwMDB9LCJzY2hlbWFfdmVyc2lvbiI6IjEifQ=="
        }
      ]
    }
  ]
}
