{
  "version": 4,
  "terraform_version": "0.12.25",
  "serial": 142,
  "lineage": "3a56f778-31b6-ed0d-f533-5e89cfd3b1c8",
  "outputs": {
    "instance_private_ip": {
      "value": "10.0.15.212",
      "type": "string"
    },
    "instance_public1_dns": {
      "value": "ec2-13-250-118-124.ap-southeast-1.compute.amazonaws.com",
      "type": "string"
    },
    "instance_public2_dns": {
      "value": "ec2-18-138-234-203.ap-southeast-1.compute.amazonaws.com",
      "type": "string"
    }
  },
  "resources": [
    {
      "mode": "data",
      "type": "aws_ssm_parameter",
      "name": "private_sg",
      "provider": "provider.aws",
      "instances": [
        {
          "schema_version": 0,
          "attributes": {
            "arn": "arn:aws:ssm:ap-southeast-1:864419182307:parameter/istox/vpc/subnet/private/sg",
            "id": "/istox/vpc/subnet/private/sg",
            "name": "/istox/vpc/subnet/private/sg",
            "type": "String",
            "value": "sg-03340dd0264885970",
            "version": 1,
            "with_decryption": true
          }
        }
      ]
    },
    {
      "mode": "data",
      "type": "aws_ssm_parameter",
      "name": "private_subnet",
      "provider": "provider.aws",
      "instances": [
        {
          "schema_version": 0,
          "attributes": {
            "arn": "arn:aws:ssm:ap-southeast-1:864419182307:parameter/istox/private_subnet/0",
            "id": "/istox/private_subnet/0",
            "name": "/istox/private_subnet/0",
            "type": "String",
            "value": "subnet-093c76e2577fdd1e3",
            "version": 1,
            "with_decryption": true
          }
        }
      ]
    },
    {
      "mode": "data",
      "type": "aws_ssm_parameter",
      "name": "public_sg",
      "provider": "provider.aws",
      "instances": [
        {
          "schema_version": 0,
          "attributes": {
            "arn": "arn:aws:ssm:ap-southeast-1:864419182307:parameter/istox/vpc/subnet/public/sg",
            "id": "/istox/vpc/subnet/public/sg",
            "name": "/istox/vpc/subnet/public/sg",
            "type": "String",
            "value": "sg-092c2e0d28ba39017",
            "version": 1,
            "with_decryption": true
          }
        }
      ]
    },
    {
      "mode": "data",
      "type": "aws_ssm_parameter",
      "name": "public_subnet",
      "provider": "provider.aws",
      "instances": [
        {
          "schema_version": 0,
          "attributes": {
            "arn": "arn:aws:ssm:ap-southeast-1:864419182307:parameter/istox/public_subnet/1",
            "id": "/istox/public_subnet/1",
            "name": "/istox/public_subnet/1",
            "type": "String",
            "value": "subnet-022830a78c368afeb",
            "version": 1,
            "with_decryption": true
          }
        }
      ]
    },
    {
      "mode": "data",
      "type": "aws_ssm_parameter",
      "name": "public_subnet2",
      "provider": "provider.aws",
      "instances": [
        {
          "schema_version": 0,
          "attributes": {
            "arn": "arn:aws:ssm:ap-southeast-1:864419182307:parameter/istox/public_subnet/2",
            "id": "/istox/public_subnet/2",
            "name": "/istox/public_subnet/2",
            "type": "String",
            "value": "subnet-047f7e256d339ecd0",
            "version": 1,
            "with_decryption": true
          }
        }
      ]
    },
    {
      "mode": "data",
      "type": "aws_ssm_parameter",
      "name": "target_group_arn",
      "provider": "provider.aws",
      "instances": [
        {
          "schema_version": 0,
          "attributes": {
            "arn": "arn:aws:ssm:ap-southeast-1:864419182307:parameter/istox/alb/target_group/arn",
            "id": "/istox/alb/target_group/arn",
            "name": "/istox/alb/target_group/arn",
            "type": "String",
            "value": "arn:aws:elasticloadbalancing:ap-southeast-1:864419182307:targetgroup/istox-alb-tg/c78baba71dcbfa2b",
            "version": 2,
            "with_decryption": true
          }
        }
      ]
    },
    {
      "module": "module.ec2_public",
      "mode": "managed",
      "type": "aws_instance",
      "name": "this",
      "provider": "provider.aws",
      "instances": [
        {
          "schema_version": 1,
          "attributes": {
            "ami": "ami-07ce5f60a39f1790e",
            "arn": "arn:aws:ec2:ap-southeast-1:864419182307:instance/i-07f5f795f97f05417",
            "associate_public_ip_address": true,
            "availability_zone": "ap-southeast-1b",
            "cpu_core_count": 1,
            "cpu_threads_per_core": 1,
            "credit_specification": [
              {
                "cpu_credits": "standard"
              }
            ],
            "disable_api_termination": false,
            "ebs_block_device": [],
            "ebs_optimized": false,
            "ephemeral_block_device": [],
            "get_password_data": false,
            "hibernation": false,
            "host_id": null,
            "iam_instance_profile": "",
            "id": "i-07f5f795f97f05417",
            "instance_initiated_shutdown_behavior": null,
            "instance_state": "running",
            "instance_type": "t2.micro",
            "ipv6_address_count": 0,
            "ipv6_addresses": [],
            "key_name": "training_fajri",
            "metadata_options": [
              {
                "http_endpoint": "enabled",
                "http_put_response_hop_limit": 1,
                "http_tokens": "optional"
              }
            ],
            "monitoring": false,
            "network_interface": [],
            "network_interface_id": null,
            "outpost_arn": "",
            "password_data": "",
            "placement_group": "",
            "primary_network_interface_id": "eni-0ccecbf73fa9397f6",
            "private_dns": "ip-10-0-99-156.ap-southeast-1.compute.internal",
            "private_ip": "10.0.99.156",
            "public_dns": "ec2-13-250-118-124.ap-southeast-1.compute.amazonaws.com",
            "public_ip": "13.250.118.124",
            "root_block_device": [
              {
                "delete_on_termination": true,
                "device_name": "/dev/sda1",
                "encrypted": false,
                "iops": 100,
                "kms_key_id": "",
                "volume_id": "vol-001b391cebbb8602e",
                "volume_size": 8,
                "volume_type": "gp2"
              }
            ],
            "security_groups": [
              "sg-092c2e0d28ba39017"
            ],
            "source_dest_check": true,
            "subnet_id": "subnet-022830a78c368afeb",
            "tags": {
              "Description": "Managed by terraform",
              "Environment": "test",
              "Name": "public-subnet-1b"
            },
            "tenancy": "default",
            "timeouts": null,
            "user_data": "f51be1c88b2b99a59f2dcfe533ef73c7cad7729b",
            "user_data_base64": null,
            "volume_tags": {},
            "vpc_security_group_ids": [
              "sg-092c2e0d28ba39017"
            ]
          },
          "private": "eyJlMmJmYjczMC1lY2FhLTExZTYtOGY4OC0zNDM2M2JjN2M0YzAiOnsiY3JlYXRlIjo2MDAwMDAwMDAwMDAsImRlbGV0ZSI6MTIwMDAwMDAwMDAwMCwidXBkYXRlIjo2MDAwMDAwMDAwMDB9LCJzY2hlbWFfdmVyc2lvbiI6IjEifQ=="
        }
      ]
    },
    {
      "module": "module.ec2_public_2",
      "mode": "managed",
      "type": "aws_instance",
      "name": "this",
      "provider": "provider.aws",
      "instances": [
        {
          "schema_version": 1,
          "attributes": {
            "ami": "ami-07ce5f60a39f1790e",
            "arn": "arn:aws:ec2:ap-southeast-1:864419182307:instance/i-00f35fb6eaf95157f",
            "associate_public_ip_address": true,
            "availability_zone": "ap-southeast-1c",
            "cpu_core_count": 1,
            "cpu_threads_per_core": 1,
            "credit_specification": [
              {
                "cpu_credits": "standard"
              }
            ],
            "disable_api_termination": false,
            "ebs_block_device": [],
            "ebs_optimized": false,
            "ephemeral_block_device": [],
            "get_password_data": false,
            "hibernation": false,
            "host_id": null,
            "iam_instance_profile": "",
            "id": "i-00f35fb6eaf95157f",
            "instance_initiated_shutdown_behavior": null,
            "instance_state": "running",
            "instance_type": "t2.micro",
            "ipv6_address_count": 0,
            "ipv6_addresses": [],
            "key_name": "training_fajri",
            "metadata_options": [
              {
                "http_endpoint": "enabled",
                "http_put_response_hop_limit": 1,
                "http_tokens": "optional"
              }
            ],
            "monitoring": false,
            "network_interface": [],
            "network_interface_id": null,
            "outpost_arn": "",
            "password_data": "",
            "placement_group": "",
            "primary_network_interface_id": "eni-078609522efec9fc9",
            "private_dns": "ip-10-0-174-123.ap-southeast-1.compute.internal",
            "private_ip": "10.0.174.123",
            "public_dns": "ec2-18-138-234-203.ap-southeast-1.compute.amazonaws.com",
            "public_ip": "18.138.234.203",
            "root_block_device": [
              {
                "delete_on_termination": true,
                "device_name": "/dev/sda1",
                "encrypted": false,
                "iops": 100,
                "kms_key_id": "",
                "volume_id": "vol-0aa70d68563f5bf51",
                "volume_size": 8,
                "volume_type": "gp2"
              }
            ],
            "security_groups": [
              "sg-092c2e0d28ba39017"
            ],
            "source_dest_check": true,
            "subnet_id": "subnet-047f7e256d339ecd0",
            "tags": {
              "Description": "Managed by terraform",
              "Environment": "test",
              "Name": "public-subnet-1c"
            },
            "tenancy": "default",
            "timeouts": null,
            "user_data": "f51be1c88b2b99a59f2dcfe533ef73c7cad7729b",
            "user_data_base64": null,
            "volume_tags": {},
            "vpc_security_group_ids": [
              "sg-092c2e0d28ba39017"
            ]
          },
          "private": "eyJlMmJmYjczMC1lY2FhLTExZTYtOGY4OC0zNDM2M2JjN2M0YzAiOnsiY3JlYXRlIjo2MDAwMDAwMDAwMDAsImRlbGV0ZSI6MTIwMDAwMDAwMDAwMCwidXBkYXRlIjo2MDAwMDAwMDAwMDB9LCJzY2hlbWFfdmVyc2lvbiI6IjEifQ=="
        }
      ]
    },
    {
      "module": "module.ec2_private",
      "mode": "managed",
      "type": "aws_instance",
      "name": "this",
      "provider": "provider.aws",
      "instances": [
        {
          "schema_version": 1,
          "attributes": {
            "ami": "ami-07ce5f60a39f1790e",
            "arn": "arn:aws:ec2:ap-southeast-1:864419182307:instance/i-0ea58e2754fd30d54",
            "associate_public_ip_address": false,
            "availability_zone": "ap-southeast-1a",
            "cpu_core_count": 1,
            "cpu_threads_per_core": 1,
            "credit_specification": [
              {
                "cpu_credits": "standard"
              }
            ],
            "disable_api_termination": false,
            "ebs_block_device": [],
            "ebs_optimized": false,
            "ephemeral_block_device": [],
            "get_password_data": false,
            "hibernation": false,
            "host_id": null,
            "iam_instance_profile": "",
            "id": "i-0ea58e2754fd30d54",
            "instance_initiated_shutdown_behavior": null,
            "instance_state": "running",
            "instance_type": "t2.micro",
            "ipv6_address_count": 0,
            "ipv6_addresses": [],
            "key_name": "training_fajri",
            "metadata_options": [
              {
                "http_endpoint": "enabled",
                "http_put_response_hop_limit": 1,
                "http_tokens": "optional"
              }
            ],
            "monitoring": false,
            "network_interface": [],
            "network_interface_id": null,
            "outpost_arn": "",
            "password_data": "",
            "placement_group": "",
            "primary_network_interface_id": "eni-0240d321b7833d9c4",
            "private_dns": "ip-10-0-15-212.ap-southeast-1.compute.internal",
            "private_ip": "10.0.15.212",
            "public_dns": "",
            "public_ip": "",
            "root_block_device": [
              {
                "delete_on_termination": true,
                "device_name": "/dev/sda1",
                "encrypted": false,
                "iops": 100,
                "kms_key_id": "",
                "volume_id": "vol-069b2f4da65d4a53d",
                "volume_size": 8,
                "volume_type": "gp2"
              }
            ],
            "security_groups": [
              "sg-03340dd0264885970"
            ],
            "source_dest_check": true,
            "subnet_id": "subnet-093c76e2577fdd1e3",
            "tags": {
              "Description": "Managed by terraform",
              "Environment": "test",
              "Name": "private-subnet-1a"
            },
            "tenancy": "default",
            "timeouts": null,
            "user_data": "2441ed80a079f6ef7392cc020ad6a41f195b4d42",
            "user_data_base64": null,
            "volume_tags": {},
            "vpc_security_group_ids": [
              "sg-03340dd0264885970"
            ]
          },
          "private": "eyJlMmJmYjczMC1lY2FhLTExZTYtOGY4OC0zNDM2M2JjN2M0YzAiOnsiY3JlYXRlIjo2MDAwMDAwMDAwMDAsImRlbGV0ZSI6MTIwMDAwMDAwMDAwMCwidXBkYXRlIjo2MDAwMDAwMDAwMDB9LCJzY2hlbWFfdmVyc2lvbiI6IjEifQ=="
        }
      ]
    },
    {
      "mode": "managed",
      "type": "aws_lb_target_group_attachment",
      "name": "instance_public1",
      "provider": "provider.aws",
      "instances": [
        {
          "schema_version": 0,
          "attributes": {
            "availability_zone": null,
            "id": "arn:aws:elasticloadbalancing:ap-southeast-1:864419182307:targetgroup/istox-alb-tg/c78baba71dcbfa2b-20200518213456630700000002",
            "port": 80,
            "target_group_arn": "arn:aws:elasticloadbalancing:ap-southeast-1:864419182307:targetgroup/istox-alb-tg/c78baba71dcbfa2b",
            "target_id": "i-07f5f795f97f05417"
          },
          "private": "bnVsbA==",
          "dependencies": [
            "module.ec2_public.aws_instance.this"
          ]
        }
      ]
    },
    {
      "mode": "managed",
      "type": "aws_lb_target_group_attachment",
      "name": "instance_public2",
      "provider": "provider.aws",
      "instances": [
        {
          "schema_version": 0,
          "attributes": {
            "availability_zone": null,
            "id": "arn:aws:elasticloadbalancing:ap-southeast-1:864419182307:targetgroup/istox-alb-tg/c78baba71dcbfa2b-20200518213456599100000001",
            "port": 80,
            "target_group_arn": "arn:aws:elasticloadbalancing:ap-southeast-1:864419182307:targetgroup/istox-alb-tg/c78baba71dcbfa2b",
            "target_id": "i-00f35fb6eaf95157f"
          },
          "private": "bnVsbA==",
          "dependencies": [
            "module.ec2_public_2.aws_instance.this"
          ]
        }
      ]
    }
  ]
}
